
Microsoft Visual Studio Solution File, Format Version 12.00
# Visual Studio Version 17
VisualStudioVersion = 17.14.36603.0 d17.14
MinimumVisualStudioVersion = 10.0.40219.1
Project("{FAE04EC0-301F-11D3-BF4B-00C04F79EFBC}") = "ContactCatalog1", "ContactCatalog1.csproj", "{9C5EDFAF-9BF4-4B6D-9AD7-6B57A7AE6C60}"
EndProject
Project("{FAE04EC0-301F-11D3-BF4B-00C04F79EFBC}") = "ContactCatalog1.Tests", "..\ContactCatalog1.Tests\ContactCatalog1.Tests.csproj", "{2ABB46F3-071D-4988-83C3-EFA77A8FBBCF}"
EndProject
Global
	GlobalSection(SolutionConfigurationPlatforms) = preSolution
		Debug|Any CPU = Debug|Any CPU
		Release|Any CPU = Release|Any CPU
	EndGlobalSection
	GlobalSection(ProjectConfigurationPlatforms) = postSolution
		{9C5EDFAF-9BF4-4B6D-9AD7-6B57A7AE6C60}.Debug|Any CPU.ActiveCfg = Debug|Any CPU
		{9C5EDFAF-9BF4-4B6D-9AD7-6B57A7AE6C60}.Debug|Any CPU.Build.0 = Debug|Any CPU
		{9C5EDFAF-9BF4-4B6D-9AD7-6B57A7AE6C60}.Release|Any CPU.ActiveCfg = Release|Any CPU
		{9C5EDFAF-9BF4-4B6D-9AD7-6B57A7AE6C60}.Release|Any CPU.Build.0 = Release|Any CPU
		{2ABB46F3-071D-4988-83C3-EFA77A8FBBCF}.Debug|Any CPU.ActiveCfg = Debug|Any CPU
		{2ABB46F3-071D-4988-83C3-EFA77A8FBBCF}.Debug|Any CPU.Build.0 = Debug|Any CPU
		{2ABB46F3-071D-4988-83C3-EFA77A8FBBCF}.Release|Any CPU.ActiveCfg = Release|Any CPU
		{2ABB46F3-071D-4988-83C3-EFA77A8FBBCF}.Release|Any CPU.Build.0 = Release|Any CPU
	EndGlobalSection
	GlobalSection(SolutionProperties) = preSolution
		HideSolutionNode = FALSE
	EndGlobalSection
	GlobalSection(ExtensibilityGlobals) = postSolution
		SolutionGuid = {9BC6E7D9-47E3-453B-9182-3CE3E164B05D}
	EndGlobalSection
EndGlobal
